
Microsoft Visual Studio Solution File, Format Version 12.00
# Visual Studio Version 17
VisualStudioVersion = 17.8.34511.84
MinimumVisualStudioVersion = 10.0.40219.1
Project("{FAE04EC0-301F-11D3-BF4B-00C04F79EFBC}") = "GnomeRides", "GnomeRides\GnomeRides.csproj", "{68FE288D-698B-48EA-9505-BF6B8A526782}"
EndProject
Global
	GlobalSection(SolutionConfigurationPlatforms) = preSolution
		Debug|Any CPU = Debug|Any CPU
		Release|Any CPU = Release|Any CPU
	EndGlobalSection
	GlobalSection(ProjectConfigurationPlatforms) = postSolution
		{68FE288D-698B-48EA-9505-BF6B8A526782}.Debug|Any CPU.ActiveCfg = Debug|Any CPU
		{68FE288D-698B-48EA-9505-BF6B8A526782}.Debug|Any CPU.Build.0 = Debug|Any CPU
		{68FE288D-698B-48EA-9505-BF6B8A526782}.Release|Any CPU.ActiveCfg = Release|Any CPU
		{68FE288D-698B-48EA-9505-BF6B8A526782}.Release|Any CPU.Build.0 = Release|Any CPU
	EndGlobalSection
	GlobalSection(SolutionProperties) = preSolution
		HideSolutionNode = FALSE
	EndGlobalSection
	GlobalSection(ExtensibilityGlobals) = postSolution
		SolutionGuid = {1094640C-3E00-426C-8E08-AA0DAF33EC14}
	EndGlobalSection
EndGlobal
